# This file is automatically @generated by Cargo.
# It is not intended for manual editing.
[[package]]
name = "mission"
version = "0.1.0"
dependencies = [
 "syllabus 0.1.0",
 "teachers_name 0.1.0",
 "time_table 0.1.0",
]

[[package]]
name = "syllabus"
version = "0.1.0"

[[package]]
name = "teachers_name"
version = "0.1.0"

[[package]]
name = "time_table"
version = "0.1.0"

